
Microsoft Visual Studio Solution File, Format Version 12.00
# Visual Studio 15
VisualStudioVersion = 15.0.28307.421
MinimumVisualStudioVersion = 10.0.40219.1
Project("{FAE04EC0-301F-11D3-BF4B-00C04F79EFBC}") = "MissileRangeCalculator", "MissileRangeCalculator\MissileRangeCalculator.csproj", "{31B50DFF-455A-4DAB-9EE8-E391E2A602E8}"
EndProject
Global
	GlobalSection(SolutionConfigurationPlatforms) = preSolution
		Debug|Any CPU = Debug|Any CPU
		Release|Any CPU = Release|Any CPU
	EndGlobalSection
	GlobalSection(ProjectConfigurationPlatforms) = postSolution
		{31B50DFF-455A-4DAB-9EE8-E391E2A602E8}.Debug|Any CPU.ActiveCfg = Debug|Any CPU
		{31B50DFF-455A-4DAB-9EE8-E391E2A602E8}.Debug|Any CPU.Build.0 = Debug|Any CPU
		{31B50DFF-455A-4DAB-9EE8-E391E2A602E8}.Release|Any CPU.ActiveCfg = Release|Any CPU
		{31B50DFF-455A-4DAB-9EE8-E391E2A602E8}.Release|Any CPU.Build.0 = Release|Any CPU
	EndGlobalSection
	GlobalSection(SolutionProperties) = preSolution
		HideSolutionNode = FALSE
	EndGlobalSection
	GlobalSection(ExtensibilityGlobals) = postSolution
		SolutionGuid = {73AA8E22-4600-4F2E-B4DE-9578E674C97B}
	EndGlobalSection
EndGlobal
